
Microsoft Visual Studio Solution File, Format Version 12.00
# Visual Studio Version 17
VisualStudioVersion = 17.7.34031.279
MinimumVisualStudioVersion = 10.0.40219.1
Project("{FAE04EC0-301F-11D3-BF4B-00C04F79EFBC}") = "Practica 12", "Practica 12.csproj", "{3AEFF710-574C-4F2F-BF1F-3FD7A568000F}"
EndProject
Global
	GlobalSection(SolutionConfigurationPlatforms) = preSolution
		Debug|Any CPU = Debug|Any CPU
		Release|Any CPU = Release|Any CPU
	EndGlobalSection
	GlobalSection(ProjectConfigurationPlatforms) = postSolution
		{3AEFF710-574C-4F2F-BF1F-3FD7A568000F}.Debug|Any CPU.ActiveCfg = Debug|Any CPU
		{3AEFF710-574C-4F2F-BF1F-3FD7A568000F}.Debug|Any CPU.Build.0 = Debug|Any CPU
		{3AEFF710-574C-4F2F-BF1F-3FD7A568000F}.Release|Any CPU.ActiveCfg = Release|Any CPU
		{3AEFF710-574C-4F2F-BF1F-3FD7A568000F}.Release|Any CPU.Build.0 = Release|Any CPU
	EndGlobalSection
	GlobalSection(SolutionProperties) = preSolution
		HideSolutionNode = FALSE
	EndGlobalSection
	GlobalSection(ExtensibilityGlobals) = postSolution
		SolutionGuid = {D376EF96-BFBA-44FE-B674-32089DE96E04}
	EndGlobalSection
EndGlobal
